
Microsoft Visual Studio Solution File, Format Version 12.00
# Visual Studio Version 17
VisualStudioVersion = 17.2.32516.85
MinimumVisualStudioVersion = 10.0.40219.1
Project("{9A19103F-16F7-4668-BE54-9A1E7A4F7556}") = "WebApplication1", "WebApplication1\WebApplication1.csproj", "{EA75594C-2682-4E95-A470-900B2CBFD6DB}"
EndProject
Project("{FAE04EC0-301F-11D3-BF4B-00C04F79EFBC}") = "Tools", "Tools\Tools.csproj", "{3BF86B85-8EEE-45C5-A48A-7D6E7199E991}"
EndProject
Project("{FAE04EC0-301F-11D3-BF4B-00C04F79EFBC}") = "Domain", "Domain\Domain.csproj", "{6D4DE400-7729-4D6C-AD64-4733E1F3A356}"
EndProject
Project("{FAE04EC0-301F-11D3-BF4B-00C04F79EFBC}") = "Services", "Services\Services.csproj", "{F5D3BD9F-1CB3-4E59-A22F-650CB1273053}"
EndProject
Global
	GlobalSection(SolutionConfigurationPlatforms) = preSolution
		Debug|Any CPU = Debug|Any CPU
		Release|Any CPU = Release|Any CPU
	EndGlobalSection
	GlobalSection(ProjectConfigurationPlatforms) = postSolution
		{EA75594C-2682-4E95-A470-900B2CBFD6DB}.Debug|Any CPU.ActiveCfg = Debug|Any CPU
		{EA75594C-2682-4E95-A470-900B2CBFD6DB}.Debug|Any CPU.Build.0 = Debug|Any CPU
		{EA75594C-2682-4E95-A470-900B2CBFD6DB}.Release|Any CPU.ActiveCfg = Release|Any CPU
		{EA75594C-2682-4E95-A470-900B2CBFD6DB}.Release|Any CPU.Build.0 = Release|Any CPU
		{3BF86B85-8EEE-45C5-A48A-7D6E7199E991}.Debug|Any CPU.ActiveCfg = Debug|Any CPU
		{3BF86B85-8EEE-45C5-A48A-7D6E7199E991}.Debug|Any CPU.Build.0 = Debug|Any CPU
		{3BF86B85-8EEE-45C5-A48A-7D6E7199E991}.Release|Any CPU.ActiveCfg = Release|Any CPU
		{3BF86B85-8EEE-45C5-A48A-7D6E7199E991}.Release|Any CPU.Build.0 = Release|Any CPU
		{6D4DE400-7729-4D6C-AD64-4733E1F3A356}.Debug|Any CPU.ActiveCfg = Debug|Any CPU
		{6D4DE400-7729-4D6C-AD64-4733E1F3A356}.Debug|Any CPU.Build.0 = Debug|Any CPU
		{6D4DE400-7729-4D6C-AD64-4733E1F3A356}.Release|Any CPU.ActiveCfg = Release|Any CPU
		{6D4DE400-7729-4D6C-AD64-4733E1F3A356}.Release|Any CPU.Build.0 = Release|Any CPU
		{F5D3BD9F-1CB3-4E59-A22F-650CB1273053}.Debug|Any CPU.ActiveCfg = Debug|Any CPU
		{F5D3BD9F-1CB3-4E59-A22F-650CB1273053}.Debug|Any CPU.Build.0 = Debug|Any CPU
		{F5D3BD9F-1CB3-4E59-A22F-650CB1273053}.Release|Any CPU.ActiveCfg = Release|Any CPU
		{F5D3BD9F-1CB3-4E59-A22F-650CB1273053}.Release|Any CPU.Build.0 = Release|Any CPU
	EndGlobalSection
	GlobalSection(SolutionProperties) = preSolution
		HideSolutionNode = FALSE
	EndGlobalSection
	GlobalSection(ExtensibilityGlobals) = postSolution
		SolutionGuid = {EDA8FD9C-07C8-49B1-94BE-88638EFC8519}
	EndGlobalSection
EndGlobal
